
Microsoft Visual Studio Solution File, Format Version 12.00
# Visual Studio Version 17
VisualStudioVersion = 17.1.32210.238
MinimumVisualStudioVersion = 10.0.40219.1
Project("{FAE04EC0-301F-11D3-BF4B-00C04F79EFBC}") = "RandomTweaks", "RandomTweaks\RandomTweaks.csproj", "{DD655F2F-7BB7-4229-A0D6-39E4FC04F4CF}"
EndProject
Global
	GlobalSection(SolutionConfigurationPlatforms) = preSolution
		Debug|Any CPU = Debug|Any CPU
		Release|Any CPU = Release|Any CPU
	EndGlobalSection
	GlobalSection(ProjectConfigurationPlatforms) = postSolution
		{DD655F2F-7BB7-4229-A0D6-39E4FC04F4CF}.Debug|Any CPU.ActiveCfg = Debug|Any CPU
		{DD655F2F-7BB7-4229-A0D6-39E4FC04F4CF}.Debug|Any CPU.Build.0 = Debug|Any CPU
		{DD655F2F-7BB7-4229-A0D6-39E4FC04F4CF}.Release|Any CPU.ActiveCfg = Release|Any CPU
		{DD655F2F-7BB7-4229-A0D6-39E4FC04F4CF}.Release|Any CPU.Build.0 = Release|Any CPU
	EndGlobalSection
	GlobalSection(SolutionProperties) = preSolution
		HideSolutionNode = FALSE
	EndGlobalSection
	GlobalSection(ExtensibilityGlobals) = postSolution
		SolutionGuid = {E4891171-E963-4F90-A549-B8A077EA994B}
	EndGlobalSection
EndGlobal
